{
  "requires": true,
  "lockfileVersion": 1,
  "dependencies": {
    "amdefine": {
      "version": "1.0.1",
      "resolved": "https://registry.npmjs.org/amdefine/-/amdefine-1.0.1.tgz",
      "integrity": "sha1-SlKCrBZHKek2Gbz9OtFR+BfOkfU="
    },
    "ansi-regex": {
      "version": "3.0.0",
      "resolved": "https://registry.npmjs.org/ansi-regex/-/ansi-regex-3.0.0.tgz",
      "integrity": "sha1-7QMXwyIGT3lGbAKWa922Bas32Zg=",
      "dev": true
    },
    "bluebird": {
      "version": "3.7.2",
      "resolved": "https://registry.npmjs.org/bluebird/-/bluebird-3.7.2.tgz",
      "integrity": "sha512-XpNj6GDQzdfW+r2Wnn7xiSAd7TM3jzkxGXBGTtWKuSXv1xUV+azxAm8jdWZN06QTQk+2N2XB9jRDkvbmQmcRtg==",
      "dev": true
    },
    "clone": {
      "version": "1.0.4",
      "resolved": "https://registry.npmjs.org/clone/-/clone-1.0.4.tgz",
      "integrity": "sha1-2jCcwmPfFZlMaIypAheco8fNfH4=",
      "dev": true,
      "optional": true
    },
    "defaults": {
      "version": "1.0.3",
      "resolved": "https://registry.npmjs.org/defaults/-/defaults-1.0.3.tgz",
      "integrity": "sha1-xlYFHpgX2f8I7YgUd/P+QBnz730=",
      "dev": true,
      "optional": true,
      "requires": {
        "clone": "^1.0.2"
      }
    },
    "easy-table": {
      "version": "1.1.1",
      "resolved": "https://registry.npmjs.org/easy-table/-/easy-table-1.1.1.tgz",
      "integrity": "sha512-C9Lvm0WFcn2RgxbMnTbXZenMIWcBtkzMr+dWqq/JsVoGFSVUVlPqeOa5LP5kM0I3zoOazFpckOEb2/0LDFfToQ==",
      "dev": true,
      "requires": {
        "ansi-regex": "^3.0.0",
        "wcwidth": ">=1.0.1"
      }
    },
    "errno": {
      "version": "0.1.7",
      "resolved": "https://registry.npmjs.org/errno/-/errno-0.1.7.tgz",
      "integrity": "sha512-MfrRBDWzIWifgq6tJj60gkAwtLNb6sQPlcFrSOflcP1aFmmruKQ2wRnze/8V6kgyz7H3FF8Npzv78mZ7XLLflg==",
      "requires": {
        "prr": "~1.0.1"
      }
    },
    "event-lite": {
      "version": "0.1.1",
      "resolved": "https://registry.npmjs.org/event-lite/-/event-lite-0.1.1.tgz",
      "integrity": "sha1-R88IqNN9C2lM23s7F7UfqsZXYIY="
    },
    "ieee754": {
      "version": "1.1.12",
      "resolved": "https://registry.npmjs.org/ieee754/-/ieee754-1.1.12.tgz",
      "integrity": "sha512-GguP+DRY+pJ3soyIiGPTvdiVXjZ+DbXOxGpXn3eMvNW4x4irjqXm4wHKscC+TfxSJ0yw/S1F24tqdMNsMZTiLA=="
    },
    "int64-buffer": {
      "version": "0.1.10",
      "resolved": "https://registry.npmjs.org/int64-buffer/-/int64-buffer-0.1.10.tgz",
      "integrity": "sha1-J3siiofZWtd30HwTgyAiQGpHNCM="
    },
    "isarray": {
      "version": "1.0.0",
      "resolved": "https://registry.npmjs.org/isarray/-/isarray-1.0.0.tgz",
      "integrity": "sha1-u5NdSFgsuhaMBoNJV6VKPgcSTxE="
    },
    "lodash": {
      "version": "3.10.1",
      "resolved": "https://registry.npmjs.org/lodash/-/lodash-3.10.1.tgz",
      "integrity": "sha1-W/Rejkm6QYnhfUgnid/RW9FAt7Y="
    },
    "minimist": {
      "version": "1.2.6",
      "resolved": "https://registry.npmjs.org/minimist/-/minimist-1.2.6.tgz",
      "integrity": "sha512-Jsjnk4bw3YJqYzbdyBiNsPWHPfO++UGG749Cxs6peCu5Xg4nrena6OVxOYxrQTqww0Jmwt+Ref8rggumkTLz9Q==",
      "dev": true
    },
    "msgpack-lite": {
      "version": "0.1.26",
      "resolved": "https://registry.npmjs.org/msgpack-lite/-/msgpack-lite-0.1.26.tgz",
      "integrity": "sha1-3TxQsm8FnyXn7e42REGDWOKprYk=",
      "requires": {
        "event-lite": "^0.1.1",
        "ieee754": "^1.1.8",
        "int64-buffer": "^0.1.9",
        "isarray": "^1.0.0"
      }
    },
    "node-worker-pool": {
      "version": "3.0.2",
      "resolved": "https://registry.npmjs.org/node-worker-pool/-/node-worker-pool-3.0.2.tgz",
      "integrity": "sha1-IQZTLJGhgnnj2aQRe1oqbaGgjpw="
    },
    "process-pool": {
      "version": "0.3.5",
      "resolved": "https://registry.npmjs.org/process-pool/-/process-pool-0.3.5.tgz",
      "integrity": "sha1-lrQKexzd2SRhu9Ygx2arCO1L7zc=",
      "requires": {
        "bluebird": "^2.9.14",
        "lodash": "^3.3.1",
        "rewire": "^2.1.3",
        "source-map": "^0.4.0"
      },
      "dependencies": {
        "bluebird": {
          "version": "2.11.0",
          "resolved": "https://registry.npmjs.org/bluebird/-/bluebird-2.11.0.tgz",
          "integrity": "sha1-U0uQM8AiyVecVro7Plpcqvu2UOE="
        }
      }
    },
    "prr": {
      "version": "1.0.1",
      "resolved": "https://registry.npmjs.org/prr/-/prr-1.0.1.tgz",
      "integrity": "sha1-0/wRS6BplaRexok/SEzrHXj19HY="
    },
    "rewire": {
      "version": "2.5.2",
      "resolved": "https://registry.npmjs.org/rewire/-/rewire-2.5.2.tgz",
      "integrity": "sha1-ZCfee3/u+n02QBUH62SlOFvFjcc="
    },
    "source-map": {
      "version": "0.4.4",
      "resolved": "https://registry.npmjs.org/source-map/-/source-map-0.4.4.tgz",
      "integrity": "sha1-66T12pwNyZneaAMti092FzZSA2s=",
      "requires": {
        "amdefine": ">=0.0.4"
      }
    },
    "text-table": {
      "version": "0.2.0",
      "resolved": "https://registry.npmjs.org/text-table/-/text-table-0.2.0.tgz",
      "integrity": "sha1-f17oI66AUgfACvLfSoTsP8+lcLQ=",
      "dev": true
    },
    "wcwidth": {
      "version": "1.0.1",
      "resolved": "https://registry.npmjs.org/wcwidth/-/wcwidth-1.0.1.tgz",
      "integrity": "sha1-8LDc+RW8X/FSivrbLA4XtTLaL+g=",
      "dev": true,
      "optional": true,
      "requires": {
        "defaults": "^1.0.3"
      }
    },
    "worker-farm": {
      "version": "1.7.0",
      "resolved": "https://registry.npmjs.org/worker-farm/-/worker-farm-1.7.0.tgz",
      "integrity": "sha512-rvw3QTZc8lAxyVrqcSGVm5yP/IJ2UcB3U0graE3LCFoZ0Yn2x4EoVSqJKdB/T5M+FLcRPjz4TDacRf3OCfNUzw==",
      "requires": {
        "errno": "~0.1.7"
      }
    },
    "worker-nodes": {
      "version": "1.6.1",
      "resolved": "https://registry.npmjs.org/worker-nodes/-/worker-nodes-1.6.1.tgz",
      "integrity": "sha512-2+vvAoOLTNeun9XhnsxTSNH+N3y+gTS7dLtM0shZymavL08y5ShKxemdOpqbbZg1V6apKj+xiO5dWw/Rue4Arg==",
      "requires": {
        "msgpack-lite": "^0.1.26"
      }
    },
    "workerpool": {
      "version": "6.0.0",
      "resolved": "https://registry.npmjs.org/workerpool/-/workerpool-6.0.0.tgz",
      "integrity": "sha512-fU2OcNA/GVAJLLyKUoHkAgIhKb0JoCpSjLC/G2vYKxUjVmQwGbRVeoPJ1a8U4pnVofz4AQV5Y/NEw8oKqxEBtA=="
    }
  }
}
