# THIS IS AN AUTOGENERATED FILE. DO NOT EDIT THIS FILE DIRECTLY.
# yarn lockfile v1


acorn-jsx@^3.0.0:
  version "3.0.1"
  resolved "https://registry.yarnpkg.com/acorn-jsx/-/acorn-jsx-3.0.1.tgz#afdf9488fb1ecefc8348f6fb22f464e32a58b36b"
  dependencies:
    acorn "^3.0.4"

acorn@^3.0.4, acorn@^3.3.0:
  version "3.3.0"
  resolved "https://registry.yarnpkg.com/acorn/-/acorn-3.3.0.tgz#45e37fb39e8da3f25baee3ff5369e2bb5f22017a"

amdefine@>=0.0.4:
  version "1.0.1"
  resolved "https://registry.yarnpkg.com/amdefine/-/amdefine-1.0.1.tgz#4a5282ac164729e93619bcfd3ad151f817ce91f5"

ansi-escape-sequences@^3.0.0:
  version "3.0.0"
  resolved "https://registry.yarnpkg.com/ansi-escape-sequences/-/ansi-escape-sequences-3.0.0.tgz#1c18394b6af9b76ff9a63509fa497669fd2ce53e"
  dependencies:
    array-back "^1.0.3"

app-usage-stats@^0.3.6:
  version "0.3.6"
  resolved "https://registry.yarnpkg.com/app-usage-stats/-/app-usage-stats-0.3.6.tgz#2043edefd270e57c6c5d16f5bb63a958eb510801"
  dependencies:
    array-back "^1.0.3"
    core-js "^2.4.1"
    feature-detect-es6 "^1.3.1"
    home-path "^1.0.3"
    test-value "^2.1.0"
    usage-stats "^0.7.0"

array-back@^1.0.2, array-back@^1.0.3:
  version "1.0.3"
  resolved "https://registry.yarnpkg.com/array-back/-/array-back-1.0.3.tgz#f1128a5cf1b91c80bed4a218f8c5b635c8b10663"
  dependencies:
    typical "^2.4.2"

assertion-error@^1.0.1:
  version "1.0.2"
  resolved "https://registry.yarnpkg.com/assertion-error/-/assertion-error-1.0.2.tgz#13ca515d86206da0bac66e834dd397d87581094c"

async@~0.2.6:
  version "0.2.10"
  resolved "https://registry.yarnpkg.com/async/-/async-0.2.10.tgz#b6bbe0b0674b9d719708ca38de8c237cb526c3d1"

babel-polyfill@^6.13.0:
  version "6.16.0"
  resolved "https://registry.yarnpkg.com/babel-polyfill/-/babel-polyfill-6.16.0.tgz#2d45021df87e26a374b6d4d1a9c65964d17f2422"
  dependencies:
    babel-runtime "^6.9.1"
    core-js "^2.4.0"
    regenerator-runtime "^0.9.5"

babel-runtime@^6.9.1:
  version "6.18.0"
  resolved "https://registry.yarnpkg.com/babel-runtime/-/babel-runtime-6.18.0.tgz#0f4177ffd98492ef13b9f823e9994a02584c9078"
  dependencies:
    core-js "^2.4.0"
    regenerator-runtime "^0.9.5"

balanced-match@^0.4.1:
  version "0.4.2"
  resolved "https://registry.yarnpkg.com/balanced-match/-/balanced-match-0.4.2.tgz#cb3f3e3c732dc0f01ee70b403f302e61d7709838"

bluebird@~3.4.6:
  version "3.4.6"
  resolved "https://registry.yarnpkg.com/bluebird/-/bluebird-3.4.6.tgz#01da8d821d87813d158967e743d5fe6c62cf8c0f"

brace-expansion@^1.0.0:
  version "1.1.6"
  resolved "https://registry.yarnpkg.com/brace-expansion/-/brace-expansion-1.1.6.tgz#7197d7eaa9b87e648390ea61fc66c84427420df9"
  dependencies:
    balanced-match "^0.4.1"
    concat-map "0.0.1"

browser-stdout@1.3.0:
  version "1.3.0"
  resolved "https://registry.yarnpkg.com/browser-stdout/-/browser-stdout-1.3.0.tgz#f351d32969d32fa5d7a5567154263d928ae3bd1f"

cache-point@^0.3.4, cache-point@~0.3.4:
  version "0.3.4"
  resolved "https://registry.yarnpkg.com/cache-point/-/cache-point-0.3.4.tgz#152db502c6bb23b5aa3f663e230d5de8ec4e4f3f"
  dependencies:
    array-back "^1.0.3"
    core-js "^2.4.1"
    feature-detect-es6 "^1.3.1"
    fs-then-native "^1.0.2"
    mkdirp "~0.5.1"

catharsis@~0.8.8:
  version "0.8.8"
  resolved "https://registry.yarnpkg.com/catharsis/-/catharsis-0.8.8.tgz#693479f43aac549d806bd73e924cd0d944951a06"
  dependencies:
    underscore-contrib "~0.3.0"

chai@^3.5.0:
  version "3.5.0"
  resolved "https://registry.yarnpkg.com/chai/-/chai-3.5.0.tgz#4d02637b067fe958bdbfdd3a40ec56fef7373247"
  dependencies:
    assertion-error "^1.0.1"
    deep-eql "^0.1.3"
    type-detect "^1.0.0"

co-mocha@^1.1.3:
  version "1.1.3"
  resolved "https://registry.yarnpkg.com/co-mocha/-/co-mocha-1.1.3.tgz#49bb9c85bcd17e3250f8b84b875dc76668bc41dc"
  dependencies:
    co "^4.0.0"
    is-generator "^1.0.1"

co@^4.0.0:
  version "4.6.0"
  resolved "https://registry.yarnpkg.com/co/-/co-4.6.0.tgz#6ea6bdf3d853ae54ccb8e47bfa0bf3f9031fb184"

collect-all@^1.0.2:
  version "1.0.2"
  resolved "https://registry.yarnpkg.com/collect-all/-/collect-all-1.0.2.tgz#39450f1e7aa6086570a006bce93ccf1218a77ea1"
  dependencies:
    stream-connect "^1.0.2"
    stream-via "^1.0.3"

collect-json@^1.0.8:
  version "1.0.8"
  resolved "https://registry.yarnpkg.com/collect-json/-/collect-json-1.0.8.tgz#aa2fa52b4d1d9444ce690f07a1e3617ab74bb827"
  dependencies:
    collect-all "^1.0.2"
    stream-connect "^1.0.2"
    stream-via "^1.0.3"

command-line-args@^3.0.1:
  version "3.0.2"
  resolved "https://registry.yarnpkg.com/command-line-args/-/command-line-args-3.0.2.tgz#eb4e203f936c10a20b5143667bdeaf08c933638f"
  dependencies:
    array-back "^1.0.3"
    core-js "^2.4.1"
    feature-detect-es6 "^1.3.1"
    find-replace "^1.0.2"
    typical "^2.6.0"

command-line-commands@^1.0.4:
  version "1.0.4"
  resolved "https://registry.yarnpkg.com/command-line-commands/-/command-line-commands-1.0.4.tgz#034f9b167b5188afbdcf6b2efbb150fc8442c32b"
  dependencies:
    array-back "^1.0.3"
    feature-detect-es6 "^1.3.1"

command-line-tool@^0.6.4, command-line-tool@~0.6.4:
  version "0.6.4"
  resolved "https://registry.yarnpkg.com/command-line-tool/-/command-line-tool-0.6.4.tgz#4c11e372f3e41254861c3fe6b538d3c7a5b144f3"
  dependencies:
    ansi-escape-sequences "^3.0.0"
    array-back "^1.0.3"
    command-line-args "^3.0.1"
    command-line-usage "^3.0.3"
    feature-detect-es6 "^1.3.1"
    typical "^2.6.0"

command-line-usage@^3.0.3:
  version "3.0.7"
  resolved "https://registry.yarnpkg.com/command-line-usage/-/command-line-usage-3.0.7.tgz#ebec67c69e5470a5b7b7699fe34c34cbd5252ee6"
  dependencies:
    ansi-escape-sequences "^3.0.0"
    array-back "^1.0.3"
    feature-detect-es6 "^1.3.1"
    table-layout "~0.2.3"
    typical "^2.6.0"

commander@2.9.0:
  version "2.9.0"
  resolved "https://registry.yarnpkg.com/commander/-/commander-2.9.0.tgz#9c99094176e12240cb22d6c5146098400fe0f7d4"
  dependencies:
    graceful-readlink ">= 1.0.0"

common-sequence@^1.0.2:
  version "1.0.2"
  resolved "https://registry.yarnpkg.com/common-sequence/-/common-sequence-1.0.2.tgz#30e07f3f8f6f7f9b3dee854f20b2d39eee086de8"

concat-map@0.0.1:
  version "0.0.1"
  resolved "https://registry.yarnpkg.com/concat-map/-/concat-map-0.0.1.tgz#d8a96bd77fd68df7793a73036a3ba0d5405d477b"

config-master@^2.0.4:
  version "2.0.4"
  resolved "https://registry.yarnpkg.com/config-master/-/config-master-2.0.4.tgz#e749505c5d3f946f2fad3c76dfe71fca689751dc"
  dependencies:
    babel-polyfill "^6.13.0"
    feature-detect-es6 "^1.3.1"
    walk-back "^2.0.1"

core-js@^2.4.0, core-js@^2.4.1:
  version "2.4.1"
  resolved "https://registry.yarnpkg.com/core-js/-/core-js-2.4.1.tgz#4de911e667b0eae9124e34254b53aea6fc618d3e"

debug@2.6.8:
  version "2.6.8"
  resolved "https://registry.yarnpkg.com/debug/-/debug-2.6.8.tgz#e731531ca2ede27d188222427da17821d68ff4fc"
  dependencies:
    ms "2.0.0"

deep-eql@^0.1.3:
  version "0.1.3"
  resolved "https://registry.yarnpkg.com/deep-eql/-/deep-eql-0.1.3.tgz#ef558acab8de25206cd713906d74e56930eb69f2"
  dependencies:
    type-detect "0.1.1"

deep-extend@~0.4.1:
  version "0.4.1"
  resolved "https://registry.yarnpkg.com/deep-extend/-/deep-extend-0.4.1.tgz#efe4113d08085f4e6f9687759810f807469e2253"

defer-promise@^1.0.0:
  version "1.0.0"
  resolved "https://registry.yarnpkg.com/defer-promise/-/defer-promise-1.0.0.tgz#43c94a8a3e1e2699a114ea86a18fa9d5f83bca85"

diff@3.2.0:
  version "3.2.0"
  resolved "https://registry.yarnpkg.com/diff/-/diff-3.2.0.tgz#c9ce393a4b7cbd0b058a725c93df299027868ff9"

dmd@^2.1.2:
  version "2.1.2"
  resolved "https://registry.yarnpkg.com/dmd/-/dmd-2.1.2.tgz#74be8de6d6ea78d04b11417d6c6bf2f1d33ec686"
  dependencies:
    array-back "^1.0.3"
    cache-point "^0.3.4"
    common-sequence "^1.0.2"
    core-js "^2.4.1"
    file-set "^1.1.1"
    handlebars "3.0.3"
    marked "^0.3.6"
    object-get "^2.1.0"
    reduce-flatten "^1.0.1"
    reduce-unique "^1.0.0"
    reduce-without "^1.0.1"
    test-value "^2.1.0"
    walk-back "^2.0.1"

escape-string-regexp@1.0.5, escape-string-regexp@~1.0.5:
  version "1.0.5"
  resolved "https://registry.yarnpkg.com/escape-string-regexp/-/escape-string-regexp-1.0.5.tgz#1b61c0562190a8dff6ae3bb2cf0200ca130b86d4"

espree@~3.1.7:
  version "3.1.7"
  resolved "https://registry.yarnpkg.com/espree/-/espree-3.1.7.tgz#fd5deec76a97a5120a9cd3a7cb1177a0923b11d2"
  dependencies:
    acorn "^3.3.0"
    acorn-jsx "^3.0.0"

event-lite@^0.1.1:
  version "0.1.1"
  resolved "https://registry.npmjs.org/event-lite/-/event-lite-0.1.1.tgz#47cf08a8d37d0b694cdb7b3b17b51faac6576086"

feature-detect-es6@^1.3.1:
  version "1.3.1"
  resolved "https://registry.yarnpkg.com/feature-detect-es6/-/feature-detect-es6-1.3.1.tgz#f888736af9cb0c91f55663bfa4762eb96ee7047f"
  dependencies:
    array-back "^1.0.3"

file-set@^1.1.1:
  version "1.1.1"
  resolved "https://registry.yarnpkg.com/file-set/-/file-set-1.1.1.tgz#d3ec70c080ec8f18f204ba1de106780c9056926b"
  dependencies:
    array-back "^1.0.3"
    glob "^7.1.0"

find-replace@^1.0.2:
  version "1.0.2"
  resolved "https://registry.yarnpkg.com/find-replace/-/find-replace-1.0.2.tgz#a2d6ce740d15f0d92b1b26763e2ce9c0e361fd98"
  dependencies:
    array-back "^1.0.2"
    test-value "^2.0.0"

formatio@1.1.1:
  version "1.1.1"
  resolved "https://registry.yarnpkg.com/formatio/-/formatio-1.1.1.tgz#5ed3ccd636551097383465d996199100e86161e9"
  dependencies:
    samsam "~1.1"

fs-then-native@^1.0.2:
  version "1.0.2"
  resolved "https://registry.yarnpkg.com/fs-then-native/-/fs-then-native-1.0.2.tgz#ac8d3807c9f1bbd1279607fb228e0ab649bb41fe"
  dependencies:
    feature-detect-es6 "^1.3.1"

fs.realpath@^1.0.0:
  version "1.0.0"
  resolved "https://registry.yarnpkg.com/fs.realpath/-/fs.realpath-1.0.0.tgz#1504ad2523158caa40db4a2787cb01411994ea4f"

glob@7.1.1, glob@^7.1.0:
  version "7.1.1"
  resolved "https://registry.yarnpkg.com/glob/-/glob-7.1.1.tgz#805211df04faaf1c63a3600306cdf5ade50b2ec8"
  dependencies:
    fs.realpath "^1.0.0"
    inflight "^1.0.4"
    inherits "2"
    minimatch "^3.0.2"
    once "^1.3.0"
    path-is-absolute "^1.0.0"

graceful-fs@^4.1.9:
  version "4.1.10"
  resolved "https://registry.yarnpkg.com/graceful-fs/-/graceful-fs-4.1.10.tgz#f2d720c22092f743228775c75e3612632501f131"

"graceful-readlink@>= 1.0.0":
  version "1.0.1"
  resolved "https://registry.yarnpkg.com/graceful-readlink/-/graceful-readlink-1.0.1.tgz#4cafad76bc62f02fa039b2f94e9a3dd3a391a725"

growl@1.9.2:
  version "1.9.2"
  resolved "https://registry.yarnpkg.com/growl/-/growl-1.9.2.tgz#0ea7743715db8d8de2c5ede1775e1b45ac85c02f"

handlebars@3.0.3:
  version "3.0.3"
  resolved "https://registry.yarnpkg.com/handlebars/-/handlebars-3.0.3.tgz#0e09651a2f0fb3c949160583710d551f92e6d2ad"
  dependencies:
    optimist "^0.6.1"
    source-map "^0.1.40"
  optionalDependencies:
    uglify-js "~2.3"

has-flag@^1.0.0:
  version "1.0.0"
  resolved "https://registry.yarnpkg.com/has-flag/-/has-flag-1.0.0.tgz#9d9e793165ce017a00f00418c43f942a7b1d11fa"

he@1.1.1:
  version "1.1.1"
  resolved "https://registry.yarnpkg.com/he/-/he-1.1.1.tgz#93410fd21b009735151f8868c2f271f3427e23fd"

home-path@^1.0.3:
  version "1.0.3"
  resolved "https://registry.yarnpkg.com/home-path/-/home-path-1.0.3.tgz#9ece59fec3f032e6d10b5434fee264df4c2de32f"

ieee754@^1.1.8:
  version "1.1.8"
  resolved "https://registry.npmjs.org/ieee754/-/ieee754-1.1.8.tgz#be33d40ac10ef1926701f6f08a2d86fbfd1ad3e4"

inflight@^1.0.4:
  version "1.0.6"
  resolved "https://registry.yarnpkg.com/inflight/-/inflight-1.0.6.tgz#49bd6331d7d02d0c09bc910a1075ba8165b56df9"
  dependencies:
    once "^1.3.0"
    wrappy "1"

inherits@2:
  version "2.0.3"
  resolved "https://registry.yarnpkg.com/inherits/-/inherits-2.0.3.tgz#633c2c83e3da42a502f52466022480f4208261de"

inherits@2.0.1:
  version "2.0.1"
  resolved "https://registry.yarnpkg.com/inherits/-/inherits-2.0.1.tgz#b17d08d326b4423e568eff719f91b0b1cbdf69f1"

int64-buffer@^0.1.9:
  version "0.1.9"
  resolved "https://registry.npmjs.org/int64-buffer/-/int64-buffer-0.1.9.tgz#9e039da043b24f78b196b283e04653ef5e990f61"

is-generator@^1.0.1:
  version "1.0.3"
  resolved "https://registry.yarnpkg.com/is-generator/-/is-generator-1.0.3.tgz#c14c21057ed36e328db80347966c693f886389f3"

is-running@^2.1.0:
  version "2.1.0"
  resolved "https://registry.yarnpkg.com/is-running/-/is-running-2.1.0.tgz#30a73ff5cc3854e4fc25490809e9f5abf8de09e0"

isarray@^1.0.0:
  version "1.0.0"
  resolved "https://registry.npmjs.org/isarray/-/isarray-1.0.0.tgz#bb935d48582cba168c06834957a54a3e07124f11"

js2xmlparser@~1.0.0:
  version "1.0.0"
  resolved "https://registry.yarnpkg.com/js2xmlparser/-/js2xmlparser-1.0.0.tgz#5a170f2e8d6476ce45405e04823242513782fe30"

jsdoc-75lb@^3.6.0:
  version "3.6.0"
  resolved "https://registry.yarnpkg.com/jsdoc-75lb/-/jsdoc-75lb-3.6.0.tgz#a807119528b4009ccbcab49b7522f63fec6cd0bd"
  dependencies:
    bluebird "~3.4.6"
    catharsis "~0.8.8"
    escape-string-regexp "~1.0.5"
    espree "~3.1.7"
    js2xmlparser "~1.0.0"
    klaw "~1.3.0"
    marked "~0.3.6"
    mkdirp "~0.5.1"
    requizzle "~0.2.1"
    strip-json-comments "~2.0.1"
    taffydb "2.6.2"
    underscore "~1.8.3"

jsdoc-api@^2.0.5:
  version "2.0.6"
  resolved "https://registry.yarnpkg.com/jsdoc-api/-/jsdoc-api-2.0.6.tgz#978ffaf73be6b3edf69799d3599cc7695b82ba65"
  dependencies:
    array-back "^1.0.3"
    cache-point "~0.3.4"
    collect-all "^1.0.2"
    core-js "^2.4.1"
    feature-detect-es6 "^1.3.1"
    file-set "^1.1.1"
    fs-then-native "^1.0.2"
    jsdoc-75lb "^3.6.0"
    object-to-spawn-args "^1.1.0"
    temp-path "^1.0.0"
    walk-back "^2.0.1"

jsdoc-parse@^2.0.5:
  version "2.0.5"
  resolved "https://registry.yarnpkg.com/jsdoc-parse/-/jsdoc-parse-2.0.5.tgz#6d4163e8693f6054ab41dd4cfc643260958f1477"
  dependencies:
    array-back "^1.0.3"
    core-js "^2.4.1"
    feature-detect-es6 "^1.3.1"
    lodash.omit "^4.5.0"
    lodash.pick "^4.4.0"
    reduce-extract "^1.0.0"
    sort-array "^1.1.1"
    test-value "^2.1.0"

jsdoc-to-markdown@^2.0.1:
  version "2.0.1"
  resolved "https://registry.yarnpkg.com/jsdoc-to-markdown/-/jsdoc-to-markdown-2.0.1.tgz#97eb4d716a7764f7595a26fcd3387c85cb7aba25"
  dependencies:
    array-back "^1.0.3"
    command-line-tool "^0.6.4"
    config-master "^2.0.4"
    core-js "^2.4.1"
    dmd "^2.1.2"
    feature-detect-es6 "^1.3.1"
    jsdoc-api "^2.0.5"
    jsdoc-parse "^2.0.5"
    jsdoc2md-stats "^1.0.3"
    walk-back "^2.0.1"

jsdoc2md-stats@^1.0.3:
  version "1.0.5"
  resolved "https://registry.yarnpkg.com/jsdoc2md-stats/-/jsdoc2md-stats-1.0.5.tgz#633e364d7b1c410608f6545bb3158ac90f0593e8"
  dependencies:
    app-usage-stats "^0.3.6"
    feature-detect-es6 "^1.3.1"

json3@3.3.2:
  version "3.3.2"
  resolved "https://registry.yarnpkg.com/json3/-/json3-3.3.2.tgz#3c0434743df93e2f5c42aee7b19bcb483575f4e1"

klaw@~1.3.0:
  version "1.3.1"
  resolved "https://registry.yarnpkg.com/klaw/-/klaw-1.3.1.tgz#4088433b46b3b1ba259d78785d8e96f73ba02439"
  optionalDependencies:
    graceful-fs "^4.1.9"

lodash._baseassign@^3.0.0:
  version "3.2.0"
  resolved "https://registry.yarnpkg.com/lodash._baseassign/-/lodash._baseassign-3.2.0.tgz#8c38a099500f215ad09e59f1722fd0c52bfe0a4e"
  dependencies:
    lodash._basecopy "^3.0.0"
    lodash.keys "^3.0.0"

lodash._basecopy@^3.0.0:
  version "3.0.1"
  resolved "https://registry.yarnpkg.com/lodash._basecopy/-/lodash._basecopy-3.0.1.tgz#8da0e6a876cf344c0ad8a54882111dd3c5c7ca36"

lodash._basecreate@^3.0.0:
  version "3.0.3"
  resolved "https://registry.yarnpkg.com/lodash._basecreate/-/lodash._basecreate-3.0.3.tgz#1bc661614daa7fc311b7d03bf16806a0213cf821"

lodash._getnative@^3.0.0:
  version "3.9.1"
  resolved "https://registry.yarnpkg.com/lodash._getnative/-/lodash._getnative-3.9.1.tgz#570bc7dede46d61cdcde687d65d3eecbaa3aaff5"

lodash._isiterateecall@^3.0.0:
  version "3.0.9"
  resolved "https://registry.yarnpkg.com/lodash._isiterateecall/-/lodash._isiterateecall-3.0.9.tgz#5203ad7ba425fae842460e696db9cf3e6aac057c"

lodash.create@3.1.1:
  version "3.1.1"
  resolved "https://registry.yarnpkg.com/lodash.create/-/lodash.create-3.1.1.tgz#d7f2849f0dbda7e04682bb8cd72ab022461debe7"
  dependencies:
    lodash._baseassign "^3.0.0"
    lodash._basecreate "^3.0.0"
    lodash._isiterateecall "^3.0.0"

lodash.isarguments@^3.0.0:
  version "3.1.0"
  resolved "https://registry.yarnpkg.com/lodash.isarguments/-/lodash.isarguments-3.1.0.tgz#2f573d85c6a24289ff00663b491c1d338ff3458a"

lodash.isarray@^3.0.0:
  version "3.0.4"
  resolved "https://registry.yarnpkg.com/lodash.isarray/-/lodash.isarray-3.0.4.tgz#79e4eb88c36a8122af86f844aa9bcd851b5fbb55"

lodash.keys@^3.0.0:
  version "3.1.2"
  resolved "https://registry.yarnpkg.com/lodash.keys/-/lodash.keys-3.1.2.tgz#4dbc0472b156be50a0b286855d1bd0b0c656098a"
  dependencies:
    lodash._getnative "^3.0.0"
    lodash.isarguments "^3.0.0"
    lodash.isarray "^3.0.0"

lodash.omit@^4.5.0:
  version "4.5.0"
  resolved "https://registry.yarnpkg.com/lodash.omit/-/lodash.omit-4.5.0.tgz#6eb19ae5a1ee1dd9df0b969e66ce0b7fa30b5e60"

lodash.pick@^4.4.0:
  version "4.4.0"
  resolved "https://registry.yarnpkg.com/lodash.pick/-/lodash.pick-4.4.0.tgz#52f05610fff9ded422611441ed1fc123a03001b3"

lodash.uniq@^4.5.0:
  version "4.5.0"
  resolved "https://registry.yarnpkg.com/lodash.uniq/-/lodash.uniq-4.5.0.tgz#d0225373aeb652adc1bc82e4945339a842754773"

lolex@1.3.2:
  version "1.3.2"
  resolved "https://registry.yarnpkg.com/lolex/-/lolex-1.3.2.tgz#7c3da62ffcb30f0f5a80a2566ca24e45d8a01f31"

marked@^0.3.6, marked@~0.3.6:
  version "0.3.6"
  resolved "https://registry.yarnpkg.com/marked/-/marked-0.3.6.tgz#b2c6c618fccece4ef86c4fc6cb8a7cbf5aeda8d7"

minimatch@^3.0.2:
  version "3.0.3"
  resolved "https://registry.yarnpkg.com/minimatch/-/minimatch-3.0.3.tgz#2a4e4090b96b2db06a9d7df01055a62a77c9b774"
  dependencies:
    brace-expansion "^1.0.0"

minimist@0.0.8, minimist@~0.0.1:
  version "0.0.8"
  resolved "https://registry.yarnpkg.com/minimist/-/minimist-0.0.8.tgz#857fcabfc3397d2625b8228262e86aa7a011b05d"

mkdirp@0.5.1, mkdirp@^0.5.1, mkdirp@~0.5.1:
  version "0.5.1"
  resolved "https://registry.yarnpkg.com/mkdirp/-/mkdirp-0.5.1.tgz#30057438eac6cf7f8c4767f38648d6697d75c903"
  dependencies:
    minimist "0.0.8"

mocha@^3.4.2:
  version "3.5.3"
  resolved "https://registry.yarnpkg.com/mocha/-/mocha-3.5.3.tgz#1e0480fe36d2da5858d1eb6acc38418b26eaa20d"
  dependencies:
    browser-stdout "1.3.0"
    commander "2.9.0"
    debug "2.6.8"
    diff "3.2.0"
    escape-string-regexp "1.0.5"
    glob "7.1.1"
    growl "1.9.2"
    he "1.1.1"
    json3 "3.3.2"
    lodash.create "3.1.1"
    mkdirp "0.5.1"
    supports-color "3.1.2"

ms@2.0.0:
  version "2.0.0"
  resolved "https://registry.yarnpkg.com/ms/-/ms-2.0.0.tgz#5608aeadfc00be6c2901df5f9861788de0d597c8"

msgpack-lite@^0.1.26:
  version "0.1.26"
  resolved "https://registry.npmjs.org/msgpack-lite/-/msgpack-lite-0.1.26.tgz#dd3c50b26f059f25e7edee3644418358e2a9ad89"
  dependencies:
    event-lite "^0.1.1"
    ieee754 "^1.1.8"
    int64-buffer "^0.1.9"
    isarray "^1.0.0"

node-uuid@^1.4.7:
  version "1.4.7"
  resolved "https://registry.yarnpkg.com/node-uuid/-/node-uuid-1.4.7.tgz#6da5a17668c4b3dd59623bda11cf7fa4c1f60a6f"

object-get@^2.0.4, object-get@^2.1.0:
  version "2.1.0"
  resolved "https://registry.yarnpkg.com/object-get/-/object-get-2.1.0.tgz#722bbdb60039efa47cad3c6dc2ce51a85c02c5ae"

object-to-spawn-args@^1.1.0:
  version "1.1.0"
  resolved "https://registry.yarnpkg.com/object-to-spawn-args/-/object-to-spawn-args-1.1.0.tgz#031a200e37db2c3dfc9b98074a0d69a5be253c1c"

once@^1.3.0:
  version "1.4.0"
  resolved "https://registry.yarnpkg.com/once/-/once-1.4.0.tgz#583b1aa775961d4b113ac17d9c50baef9dd76bd1"
  dependencies:
    wrappy "1"

optimist@^0.6.1:
  version "0.6.1"
  resolved "https://registry.yarnpkg.com/optimist/-/optimist-0.6.1.tgz#da3ea74686fa21a19a111c326e90eb15a0196686"
  dependencies:
    minimist "~0.0.1"
    wordwrap "~0.0.2"

optimist@~0.3.5:
  version "0.3.7"
  resolved "https://registry.yarnpkg.com/optimist/-/optimist-0.3.7.tgz#c90941ad59e4273328923074d2cf2e7cbc6ec0d9"
  dependencies:
    wordwrap "~0.0.2"

path-is-absolute@^1.0.0:
  version "1.0.1"
  resolved "https://registry.yarnpkg.com/path-is-absolute/-/path-is-absolute-1.0.1.tgz#174b9268735534ffbc7ace6bf53a5a9e1b5c5f5f"

reduce-extract@^1.0.0:
  version "1.0.0"
  resolved "https://registry.yarnpkg.com/reduce-extract/-/reduce-extract-1.0.0.tgz#67f2385beda65061b5f5f4312662e8b080ca1525"
  dependencies:
    test-value "^1.0.1"

reduce-flatten@^1.0.1:
  version "1.0.1"
  resolved "https://registry.yarnpkg.com/reduce-flatten/-/reduce-flatten-1.0.1.tgz#258c78efd153ddf93cb561237f61184f3696e327"

reduce-unique@^1.0.0:
  version "1.0.0"
  resolved "https://registry.yarnpkg.com/reduce-unique/-/reduce-unique-1.0.0.tgz#7e586bcf87a4e32b6d7abd8277fad6cdec9f4803"

reduce-without@^1.0.1:
  version "1.0.1"
  resolved "https://registry.yarnpkg.com/reduce-without/-/reduce-without-1.0.1.tgz#68ad0ead11855c9a37d4e8256c15bbf87972fc8c"
  dependencies:
    test-value "^2.0.0"

regenerator-runtime@^0.9.5:
  version "0.9.6"
  resolved "https://registry.yarnpkg.com/regenerator-runtime/-/regenerator-runtime-0.9.6.tgz#d33eb95d0d2001a4be39659707c51b0cb71ce029"

req-then@~0.5.0:
  version "0.5.1"
  resolved "https://registry.yarnpkg.com/req-then/-/req-then-0.5.1.tgz#31c6e0b56f4ddd2acd6de0ba1bcea77b6079dfdf"
  dependencies:
    array-back "^1.0.3"
    defer-promise "^1.0.0"
    feature-detect-es6 "^1.3.1"
    lodash.pick "^4.4.0"
    typical "^2.6.0"

requizzle@~0.2.1:
  version "0.2.1"
  resolved "https://registry.yarnpkg.com/requizzle/-/requizzle-0.2.1.tgz#6943c3530c4d9a7e46f1cddd51c158fc670cdbde"
  dependencies:
    underscore "~1.6.0"

samsam@1.1.2, samsam@~1.1:
  version "1.1.2"
  resolved "https://registry.yarnpkg.com/samsam/-/samsam-1.1.2.tgz#bec11fdc83a9fda063401210e40176c3024d1567"

sinon@^1.17.6:
  version "1.17.6"
  resolved "https://registry.yarnpkg.com/sinon/-/sinon-1.17.6.tgz#a43116db59577c8296356afee13fafc2332e58e1"
  dependencies:
    formatio "1.1.1"
    lolex "1.3.2"
    samsam "1.1.2"
    util ">=0.10.3 <1"

sort-array@^1.1.1:
  version "1.1.1"
  resolved "https://registry.yarnpkg.com/sort-array/-/sort-array-1.1.1.tgz#9032f6f0be284eecb12af98a3db02612828a66d1"
  dependencies:
    array-back "^1.0.3"
    object-get "^2.0.4"
    typical "^2.4.2"

source-map@^0.1.40, source-map@~0.1.7:
  version "0.1.43"
  resolved "https://registry.yarnpkg.com/source-map/-/source-map-0.1.43.tgz#c24bc146ca517c1471f5dacbe2571b2b7f9e3346"
  dependencies:
    amdefine ">=0.0.4"

stream-connect@^1.0.2:
  version "1.0.2"
  resolved "https://registry.yarnpkg.com/stream-connect/-/stream-connect-1.0.2.tgz#18bc81f2edb35b8b5d9a8009200a985314428a97"
  dependencies:
    array-back "^1.0.2"

stream-via@^1.0.3:
  version "1.0.3"
  resolved "https://registry.yarnpkg.com/stream-via/-/stream-via-1.0.3.tgz#cebd32a5a59d74b3b68e3404942e867184ad4ac9"

strip-json-comments@~2.0.1:
  version "2.0.1"
  resolved "https://registry.yarnpkg.com/strip-json-comments/-/strip-json-comments-2.0.1.tgz#3c531942e908c2697c0ec344858c286c7ca0a60a"

supports-color@3.1.2:
  version "3.1.2"
  resolved "https://registry.yarnpkg.com/supports-color/-/supports-color-3.1.2.tgz#72a262894d9d408b956ca05ff37b2ed8a6e2a2d5"
  dependencies:
    has-flag "^1.0.0"

table-layout@~0.2.3:
  version "0.2.3"
  resolved "https://registry.yarnpkg.com/table-layout/-/table-layout-0.2.3.tgz#ae778bc0df623a7b6b4edbf7f89b1c1672a63a20"
  dependencies:
    ansi-escape-sequences "^3.0.0"
    array-back "^1.0.3"
    collect-json "^1.0.8"
    command-line-tool "~0.6.4"
    core-js "^2.4.1"
    deep-extend "~0.4.1"
    feature-detect-es6 "^1.3.1"
    typical "^2.6.0"
    wordwrapjs "^1.2.1"

taffydb@2.6.2:
  version "2.6.2"
  resolved "https://registry.yarnpkg.com/taffydb/-/taffydb-2.6.2.tgz#7cbcb64b5a141b6a2efc2c5d2c67b4e150b2a268"

temp-path@^1.0.0:
  version "1.0.0"
  resolved "https://registry.yarnpkg.com/temp-path/-/temp-path-1.0.0.tgz#24b1543973ab442896d9ad367dd9cbdbfafe918b"

test-value@^1.0.1:
  version "1.1.0"
  resolved "https://registry.yarnpkg.com/test-value/-/test-value-1.1.0.tgz#a09136f72ec043d27c893707c2b159bfad7de93f"
  dependencies:
    array-back "^1.0.2"
    typical "^2.4.2"

test-value@^2.0.0, test-value@^2.1.0:
  version "2.1.0"
  resolved "https://registry.yarnpkg.com/test-value/-/test-value-2.1.0.tgz#11da6ff670f3471a73b625ca4f3fdcf7bb748291"
  dependencies:
    array-back "^1.0.3"
    typical "^2.6.0"

type-detect@0.1.1:
  version "0.1.1"
  resolved "https://registry.yarnpkg.com/type-detect/-/type-detect-0.1.1.tgz#0ba5ec2a885640e470ea4e8505971900dac58822"

type-detect@^1.0.0:
  version "1.0.0"
  resolved "https://registry.yarnpkg.com/type-detect/-/type-detect-1.0.0.tgz#762217cc06db258ec48908a1298e8b95121e8ea2"

typical@^2.4.2, typical@^2.5.0, typical@^2.6.0:
  version "2.6.0"
  resolved "https://registry.yarnpkg.com/typical/-/typical-2.6.0.tgz#89d51554ab139848a65bcc2c8772f8fb450c40ed"

uglify-js@~2.3:
  version "2.3.6"
  resolved "https://registry.yarnpkg.com/uglify-js/-/uglify-js-2.3.6.tgz#fa0984770b428b7a9b2a8058f46355d14fef211a"
  dependencies:
    async "~0.2.6"
    optimist "~0.3.5"
    source-map "~0.1.7"

underscore-contrib@~0.3.0:
  version "0.3.0"
  resolved "https://registry.yarnpkg.com/underscore-contrib/-/underscore-contrib-0.3.0.tgz#665b66c24783f8fa2b18c9f8cbb0e2c7d48c26c7"
  dependencies:
    underscore "1.6.0"

underscore@1.6.0, underscore@~1.6.0:
  version "1.6.0"
  resolved "https://registry.yarnpkg.com/underscore/-/underscore-1.6.0.tgz#8b38b10cacdef63337b8b24e4ff86d45aea529a8"

underscore@~1.8.3:
  version "1.8.3"
  resolved "https://registry.yarnpkg.com/underscore/-/underscore-1.8.3.tgz#4f3fb53b106e6097fcf9cb4109f2a5e9bdfa5022"

usage-stats@^0.7.0:
  version "0.7.0"
  resolved "https://registry.yarnpkg.com/usage-stats/-/usage-stats-0.7.0.tgz#f0ed0d17f7684257a0beff37b5cdc1f78daa3b7d"
  dependencies:
    array-back "^1.0.3"
    command-line-args "^3.0.1"
    command-line-commands "^1.0.4"
    command-line-usage "^3.0.3"
    core-js "^2.4.1"
    feature-detect-es6 "^1.3.1"
    home-path "^1.0.3"
    mkdirp "^0.5.1"
    node-uuid "^1.4.7"
    req-then "~0.5.0"
    typical "^2.6.0"

"util@>=0.10.3 <1":
  version "0.10.3"
  resolved "https://registry.yarnpkg.com/util/-/util-0.10.3.tgz#7afb1afe50805246489e3db7fe0ed379336ac0f9"
  dependencies:
    inherits "2.0.1"

walk-back@^2.0.1:
  version "2.0.1"
  resolved "https://registry.yarnpkg.com/walk-back/-/walk-back-2.0.1.tgz#554e2a9d874fac47a8cb006bf44c2f0c4998a0a4"

wordwrap@~0.0.2:
  version "0.0.3"
  resolved "https://registry.yarnpkg.com/wordwrap/-/wordwrap-0.0.3.tgz#a3d5da6cd5c0bc0008d37234bbaf1bed63059107"

wordwrapjs@^1.2.1:
  version "1.2.1"
  resolved "https://registry.yarnpkg.com/wordwrapjs/-/wordwrapjs-1.2.1.tgz#754a5ea0664cfbff50540dc32d67bda3289fc34b"
  dependencies:
    array-back "^1.0.3"
    typical "^2.5.0"

wrappy@1:
  version "1.0.2"
  resolved "https://registry.yarnpkg.com/wrappy/-/wrappy-1.0.2.tgz#b5243d8f3ec1aa35f1364605bc0d1036e30ab69f"
